# This file was autogenerated by Stack.
# You should not edit this file by hand.
# For more information, please see the documentation at:
#   https://docs.haskellstack.org/en/stable/lock_files

packages:
- completed:
    hackage: free-category-0.0.4.3@sha256:44f1f6d5a08f5067768fdddb88c3ac56290361cddb52c23aa552234f34e6717c,2314
    pantry-tree:
      size: 903
      sha256: 03509449c8b58b9200c199bf1b92d4ea644b1c17fdc20e9194fb1fcd89093e87
  original:
    hackage: free-category-0.0.4.3@sha256:44f1f6d5a08f5067768fdddb88c3ac56290361cddb52c23aa552234f34e6717c,2314
- completed:
    hackage: free-algebras-0.1.0.1@sha256:ebaac4d07ecf4a3ba106dc064a102ea82c44deabc2e79fcec21a4df40ddc17a2,2525
    pantry-tree:
      size: 1139
      sha256: c05ea9c4db9709f4114f89431c893a2376545b2d35be7379531b00092c58e333
  original:
    hackage: free-algebras-0.1.0.1@sha256:ebaac4d07ecf4a3ba106dc064a102ea82c44deabc2e79fcec21a4df40ddc17a2,2525
- completed:
    size: 16235
    url: https://github.com/stepa1000/profunctor-system/archive/a7c2062b7b6a81415b634e4821c26a7a99e0494d.tar.gz
    name: profunctor-system
    version: 0.1.1.5
    sha256: 13b1a1c647ac810b961b5c324e2ab01e4144549b9d786b3f51fbb6787c9f06a9
    pantry-tree:
      size: 2060
      sha256: a85a9124fe088e67aab3785e0b634943f25f28c5f5efa7dcfa926456c156e1a4
  original:
    url: https://github.com/stepa1000/profunctor-system/archive/a7c2062b7b6a81415b634e4821c26a7a99e0494d.tar.gz
- completed:
    hackage: data-fix-cse-0.0.3@sha256:c29b23ed2d321e11314599d7a9b8a9d67d5f5dc1206d5665b3408a7d826a8bdc,1000
    pantry-tree:
      size: 503
      sha256: 970eba7722f815b50034ea7a031df3a2254aa1aecc15b2571219cf2a81f567dc
  original:
    hackage: data-fix-cse-0.0.3@sha256:c29b23ed2d321e11314599d7a9b8a9d67d5f5dc1206d5665b3408a7d826a8bdc,1000
snapshots:
- completed:
    size: 586296
    url: https://raw.githubusercontent.com/commercialhaskell/stackage-snapshots/master/lts/18/18.yaml
    sha256: 63539429076b7ebbab6daa7656cfb079393bf644971156dc349d7c0453694ac2
  original:
    url: https://raw.githubusercontent.com/commercialhaskell/stackage-snapshots/master/lts/18/18.yaml
